# THIS IS AN AUTOGENERATED FILE. DO NOT EDIT THIS FILE DIRECTLY.
# yarn lockfile v1


custom-return@^1.0.12:
  version "1.0.12"
  resolved "https://registry.yarnpkg.com/custom-return/-/custom-return-1.0.12.tgz#371bcda1f4baa63cd98c00e16b2d6523ba1b741e"
  integrity sha512-Xy6IlEV6gW5Iu4YRoQe0A5RG1mzezawcTXzAk7u28oB2UilRfbbOc1C7RmWE6AJ1inSm8gghCkIpo0LUQfLbvw==
  dependencies:
    noop6 "^1.0.0"

noop6@^1.0.0:
  version "1.0.9"
  resolved "https://registry.yarnpkg.com/noop6/-/noop6-1.0.9.tgz#8749944c15c09f2cd2d562ac24f5a8341762a950"
  integrity sha512-DB3Hwyd89dPr5HqEPg3YHjzvwh/mCqizC1zZ8vyofqc+TQRyPDnT4wgXXbLGF4z9YAzwwTLi8pNLhGqcbSjgkA==
